
Microsoft Visual Studio Solution File, Format Version 12.00
# Visual Studio Version 16
VisualStudioVersion = 16.0.30413.136
MinimumVisualStudioVersion = 10.0.40219.1
Project("{9A19103F-16F7-4668-BE54-9A1E7A4F7556}") = "01 - Data Access Layer", "01 - Data Access Layer\01 - Data Access Layer.csproj", "{E37405F6-F8FB-4D6D-9243-3B1D59941847}"
EndProject
Project("{9A19103F-16F7-4668-BE54-9A1E7A4F7556}") = "02 - Business Model Layer", "02 - Business Model Layer\02 - Business Model Layer.csproj", "{1F150BAF-F781-4EF9-A95C-1A41ED241F01}"
EndProject
Project("{9A19103F-16F7-4668-BE54-9A1E7A4F7556}") = "03 - Business Logic Layer", "03 - Business Logic Layer\03 - Business Logic Layer.csproj", "{F6859A31-A785-4A8E-AAFE-5102AB5FA22E}"
EndProject
Project("{9A19103F-16F7-4668-BE54-9A1E7A4F7556}") = "04 - Data Handler", "04 - Data Handler\04 - Data Handler.csproj", "{5E6C34EE-2292-447C-B34F-48BAED8F337A}"
EndProject
Project("{9A19103F-16F7-4668-BE54-9A1E7A4F7556}") = "05 - Rest Api", "05 - Rest Api\05 - Rest Api.csproj", "{230C8AC2-3433-409D-A508-4FF86698D32F}"
EndProject
Global
	GlobalSection(SolutionConfigurationPlatforms) = preSolution
		Debug|Any CPU = Debug|Any CPU
		Release|Any CPU = Release|Any CPU
	EndGlobalSection
	GlobalSection(ProjectConfigurationPlatforms) = postSolution
		{E37405F6-F8FB-4D6D-9243-3B1D59941847}.Debug|Any CPU.ActiveCfg = Debug|Any CPU
		{E37405F6-F8FB-4D6D-9243-3B1D59941847}.Debug|Any CPU.Build.0 = Debug|Any CPU
		{E37405F6-F8FB-4D6D-9243-3B1D59941847}.Release|Any CPU.ActiveCfg = Release|Any CPU
		{E37405F6-F8FB-4D6D-9243-3B1D59941847}.Release|Any CPU.Build.0 = Release|Any CPU
		{1F150BAF-F781-4EF9-A95C-1A41ED241F01}.Debug|Any CPU.ActiveCfg = Debug|Any CPU
		{1F150BAF-F781-4EF9-A95C-1A41ED241F01}.Debug|Any CPU.Build.0 = Debug|Any CPU
		{1F150BAF-F781-4EF9-A95C-1A41ED241F01}.Release|Any CPU.ActiveCfg = Release|Any CPU
		{1F150BAF-F781-4EF9-A95C-1A41ED241F01}.Release|Any CPU.Build.0 = Release|Any CPU
		{F6859A31-A785-4A8E-AAFE-5102AB5FA22E}.Debug|Any CPU.ActiveCfg = Debug|Any CPU
		{F6859A31-A785-4A8E-AAFE-5102AB5FA22E}.Debug|Any CPU.Build.0 = Debug|Any CPU
		{F6859A31-A785-4A8E-AAFE-5102AB5FA22E}.Release|Any CPU.ActiveCfg = Release|Any CPU
		{F6859A31-A785-4A8E-AAFE-5102AB5FA22E}.Release|Any CPU.Build.0 = Release|Any CPU
		{5E6C34EE-2292-447C-B34F-48BAED8F337A}.Debug|Any CPU.ActiveCfg = Debug|Any CPU
		{5E6C34EE-2292-447C-B34F-48BAED8F337A}.Debug|Any CPU.Build.0 = Debug|Any CPU
		{5E6C34EE-2292-447C-B34F-48BAED8F337A}.Release|Any CPU.ActiveCfg = Release|Any CPU
		{5E6C34EE-2292-447C-B34F-48BAED8F337A}.Release|Any CPU.Build.0 = Release|Any CPU
		{230C8AC2-3433-409D-A508-4FF86698D32F}.Debug|Any CPU.ActiveCfg = Debug|Any CPU
		{230C8AC2-3433-409D-A508-4FF86698D32F}.Debug|Any CPU.Build.0 = Debug|Any CPU
		{230C8AC2-3433-409D-A508-4FF86698D32F}.Release|Any CPU.ActiveCfg = Release|Any CPU
		{230C8AC2-3433-409D-A508-4FF86698D32F}.Release|Any CPU.Build.0 = Release|Any CPU
	EndGlobalSection
	GlobalSection(SolutionProperties) = preSolution
		HideSolutionNode = FALSE
	EndGlobalSection
	GlobalSection(ExtensibilityGlobals) = postSolution
		SolutionGuid = {EE3E59E5-A858-46B5-9AD2-35D22E120180}
	EndGlobalSection
EndGlobal
